# This file is automatically @generated by Cargo.
# It is not intended for manual editing.
[[package]]
name = "byteorder"
version = "1.3.4"
source = "registry+https://github.com/rust-lang/crates.io-index"
checksum = "08c48aae112d48ed9f069b33538ea9e3e90aa263cfa3d1c24309612b1f7472de"

[[package]]
name = "garnish_lang_common"
version = "0.0.1-alpha"
source = "registry+https://github.com/rust-lang/crates.io-index"
checksum = "6179123e3709316029dcd8659d91e6fb3ed64e2bd6bd9e146b2c75f07827922d"
dependencies = [
 "byteorder",
 "unicode-segmentation",
]

[[package]]
name = "garnish_lang_compiler"
version = "0.0.1-alpha"
source = "registry+https://github.com/rust-lang/crates.io-index"
checksum = "cb75b0629c8249f790d7875aa9137c04e61d7b351811df37b47d47bc00aa68a8"
dependencies = [
 "garnish_lang_common",
 "garnish_lang_instruction_set_builder",
]

[[package]]
name = "garnish_lang_instruction_set_builder"
version = "0.0.1-alpha"
source = "registry+https://github.com/rust-lang/crates.io-index"
checksum = "0e75b908bc11f99e5f5766f3e762b5ec2ec9957f45435cbb5ce6ff7ebf1a7ab9"
dependencies = [
 "garnish_lang_common",
]

[[package]]
name = "garnish_lang_runtime"
version = "0.0.1-alpha"
source = "registry+https://github.com/rust-lang/crates.io-index"
checksum = "481ddf3def312c5bea1da376fafcb16205f304f444bf2fa36f26aa7e850e3790"
dependencies = [
 "garnish_lang_common",
]

[[package]]
name = "garnish_repl"
version = "0.1.0"
dependencies = [
 "garnish_lang_compiler",
 "garnish_lang_runtime",
]

[[package]]
name = "unicode-segmentation"
version = "1.6.0"
source = "registry+https://github.com/rust-lang/crates.io-index"
checksum = "e83e153d1053cbb5a118eeff7fd5be06ed99153f00dbcd8ae310c5fb2b22edc0"
